
Microsoft Visual Studio Solution File, Format Version 12.00
# Visual Studio Version 17
VisualStudioVersion = 17.10.35004.147
MinimumVisualStudioVersion = 10.0.40219.1
Project("{FAE04EC0-301F-11D3-BF4B-00C04F79EFBC}") = "BS05RequestHelper", "BS05RequestHelper\BS05RequestHelper.csproj", "{75C7A40B-EFDE-4523-BD82-2709982750B6}"
EndProject
Global
	GlobalSection(SolutionConfigurationPlatforms) = preSolution
		Debug|Any CPU = Debug|Any CPU
		Release|Any CPU = Release|Any CPU
	EndGlobalSection
	GlobalSection(ProjectConfigurationPlatforms) = postSolution
		{75C7A40B-EFDE-4523-BD82-2709982750B6}.Debug|Any CPU.ActiveCfg = Debug|Any CPU
		{75C7A40B-EFDE-4523-BD82-2709982750B6}.Debug|Any CPU.Build.0 = Debug|Any CPU
		{75C7A40B-EFDE-4523-BD82-2709982750B6}.Release|Any CPU.ActiveCfg = Release|Any CPU
		{75C7A40B-EFDE-4523-BD82-2709982750B6}.Release|Any CPU.Build.0 = Release|Any CPU
	EndGlobalSection
	GlobalSection(SolutionProperties) = preSolution
		HideSolutionNode = FALSE
	EndGlobalSection
	GlobalSection(ExtensibilityGlobals) = postSolution
		SolutionGuid = {327B4891-130E-42A9-83F5-86836C1FD319}
	EndGlobalSection
EndGlobal
